# THIS IS AN AUTOGENERATED FILE. DO NOT EDIT THIS FILE DIRECTLY.
# yarn lockfile v1


"@babel/parser@^7.7.4":
  version "7.7.4"
  resolved "https://registry.yarnpkg.com/@babel/parser/-/parser-7.7.4.tgz#75ab2d7110c2cf2fa949959afb05fa346d2231bb"
  integrity sha512-jIwvLO0zCL+O/LmEJQjWA75MQTWwx3c3u2JOTDK5D3/9egrWRRA0/0hk9XXywYnXZVVpzrBYeIQTmhwUaePI9g==
